
Microsoft Visual Studio Solution File, Format Version 12.00
# Visual Studio Version 16
VisualStudioVersion = 16.0.30413.136
MinimumVisualStudioVersion = 10.0.40219.1
Project("{9A19103F-16F7-4668-BE54-9A1E7A4F7556}") = "Blazor.ImageToAscii.TestingApp", "Blazor.ImageToAscii.TestingApp\Blazor.ImageToAscii.TestingApp.csproj", "{2280139A-9CFE-45DA-895A-1CD3C66B9BF0}"
EndProject
Project("{9A19103F-16F7-4668-BE54-9A1E7A4F7556}") = "Blazor.ImageToAscii.Core", "Blazor.ImageToAscii.Core\Blazor.ImageToAscii.Core.csproj", "{1C4EFA05-259B-467C-8716-7E3015E10A36}"
EndProject
Project("{FAE04EC0-301F-11D3-BF4B-00C04F79EFBC}") = "Blazor.ImageToAscii", "Blazor.ImageToAscii\Blazor.ImageToAscii.csproj", "{BC44C2B7-D2E8-4F47-8135-98289EDA0A6C}"
EndProject
Global
	GlobalSection(SolutionConfigurationPlatforms) = preSolution
		Debug|Any CPU = Debug|Any CPU
		Release|Any CPU = Release|Any CPU
	EndGlobalSection
	GlobalSection(ProjectConfigurationPlatforms) = postSolution
		{2280139A-9CFE-45DA-895A-1CD3C66B9BF0}.Debug|Any CPU.ActiveCfg = Debug|Any CPU
		{2280139A-9CFE-45DA-895A-1CD3C66B9BF0}.Debug|Any CPU.Build.0 = Debug|Any CPU
		{2280139A-9CFE-45DA-895A-1CD3C66B9BF0}.Release|Any CPU.ActiveCfg = Release|Any CPU
		{2280139A-9CFE-45DA-895A-1CD3C66B9BF0}.Release|Any CPU.Build.0 = Release|Any CPU
		{1C4EFA05-259B-467C-8716-7E3015E10A36}.Debug|Any CPU.ActiveCfg = Debug|Any CPU
		{1C4EFA05-259B-467C-8716-7E3015E10A36}.Debug|Any CPU.Build.0 = Debug|Any CPU
		{1C4EFA05-259B-467C-8716-7E3015E10A36}.Release|Any CPU.ActiveCfg = Release|Any CPU
		{1C4EFA05-259B-467C-8716-7E3015E10A36}.Release|Any CPU.Build.0 = Release|Any CPU
		{BC44C2B7-D2E8-4F47-8135-98289EDA0A6C}.Debug|Any CPU.ActiveCfg = Debug|Any CPU
		{BC44C2B7-D2E8-4F47-8135-98289EDA0A6C}.Debug|Any CPU.Build.0 = Debug|Any CPU
		{BC44C2B7-D2E8-4F47-8135-98289EDA0A6C}.Release|Any CPU.ActiveCfg = Release|Any CPU
		{BC44C2B7-D2E8-4F47-8135-98289EDA0A6C}.Release|Any CPU.Build.0 = Release|Any CPU
	EndGlobalSection
	GlobalSection(SolutionProperties) = preSolution
		HideSolutionNode = FALSE
	EndGlobalSection
	GlobalSection(ExtensibilityGlobals) = postSolution
		SolutionGuid = {69DFEC34-9B87-4A87-B85E-ADBD880A5CD4}
	EndGlobalSection
EndGlobal
